
Microsoft Visual Studio Solution File, Format Version 12.00
# Visual Studio Version 16
VisualStudioVersion = 16.0.29609.76
MinimumVisualStudioVersion = 10.0.40219.1
Project("{FAE04EC0-301F-11D3-BF4B-00C04F79EFBC}") = "socket-server", "socket-server\socket-server.csproj", "{A86F6AC5-3ED3-4511-BDE7-EBFC526D4167}"
EndProject
Project("{FAE04EC0-301F-11D3-BF4B-00C04F79EFBC}") = "socket-client", "socket-client\socket-client.csproj", "{62A0DBBF-58A9-4934-B249-8F82552E6986}"
EndProject
Project("{FAE04EC0-301F-11D3-BF4B-00C04F79EFBC}") = "socket-base", "socket-base\socket-base.csproj", "{6DD4CCFD-DDC0-4C24-9754-5684E9B54381}"
EndProject
Global
	GlobalSection(SolutionConfigurationPlatforms) = preSolution
		Debug|Any CPU = Debug|Any CPU
		Release|Any CPU = Release|Any CPU
	EndGlobalSection
	GlobalSection(ProjectConfigurationPlatforms) = postSolution
		{A86F6AC5-3ED3-4511-BDE7-EBFC526D4167}.Debug|Any CPU.ActiveCfg = Debug|Any CPU
		{A86F6AC5-3ED3-4511-BDE7-EBFC526D4167}.Debug|Any CPU.Build.0 = Debug|Any CPU
		{A86F6AC5-3ED3-4511-BDE7-EBFC526D4167}.Release|Any CPU.ActiveCfg = Release|Any CPU
		{A86F6AC5-3ED3-4511-BDE7-EBFC526D4167}.Release|Any CPU.Build.0 = Release|Any CPU
		{62A0DBBF-58A9-4934-B249-8F82552E6986}.Debug|Any CPU.ActiveCfg = Debug|Any CPU
		{62A0DBBF-58A9-4934-B249-8F82552E6986}.Debug|Any CPU.Build.0 = Debug|Any CPU
		{62A0DBBF-58A9-4934-B249-8F82552E6986}.Release|Any CPU.ActiveCfg = Release|Any CPU
		{62A0DBBF-58A9-4934-B249-8F82552E6986}.Release|Any CPU.Build.0 = Release|Any CPU
		{6DD4CCFD-DDC0-4C24-9754-5684E9B54381}.Debug|Any CPU.ActiveCfg = Debug|Any CPU
		{6DD4CCFD-DDC0-4C24-9754-5684E9B54381}.Debug|Any CPU.Build.0 = Debug|Any CPU
		{6DD4CCFD-DDC0-4C24-9754-5684E9B54381}.Release|Any CPU.ActiveCfg = Release|Any CPU
		{6DD4CCFD-DDC0-4C24-9754-5684E9B54381}.Release|Any CPU.Build.0 = Release|Any CPU
	EndGlobalSection
	GlobalSection(SolutionProperties) = preSolution
		HideSolutionNode = FALSE
	EndGlobalSection
	GlobalSection(ExtensibilityGlobals) = postSolution
		SolutionGuid = {538A5433-A607-41CD-87C5-5355ABFA6558}
	EndGlobalSection
EndGlobal
